// !$*UTF8*$!
{
	archiveVersion = 1;
	classes = {
	};
	objectVersion = 46;
	objects = {

/* Begin PBXBuildFile section */
		2A7C4961182DB7220085A6ED /* Foundation.framework in Frameworks */ = {isa = PBXBuildFile; fileRef = 2A7C4960182DB7220085A6ED /* Foundation.framework */; };
		2A7C4963182DB7220085A6ED /* CoreGraphics.framework in Frameworks */ = {isa = PBXBuildFile; fileRef = 2A7C4962182DB7220085A6ED /* CoreGraphics.framework */; };
		2A7C4965182DB7220085A6ED /* UIKit.framework in Frameworks */ = {isa = PBXBuildFile; fileRef = 2A7C4964182DB7220085A6ED /* UIKit.framework */; };
		2A7C496B182DB7220085A6ED /* InfoPlist.strings in Resources */ = {isa = PBXBuildFile; fileRef = 2A7C4969182DB7220085A6ED /* InfoPlist.strings */; };
		2A7C496D182DB7220085A6ED /* main.m in Sources */ = {isa = PBXBuildFile; fileRef = 2A7C496C182DB7220085A6ED /* main.m */; };
		2A7C4971182DB7220085A6ED /* FHKAppDelegate.m in Sources */ = {isa = PBXBuildFile; fileRef = 2A7C4970182DB7220085A6ED /* FHKAppDelegate.m */; };
		2A7C4973182DB7220085A6ED /* Images.xcassets in Resources */ = {isa = PBXBuildFile; fileRef = 2A7C4972182DB7220085A6ED /* Images.xcassets */; };
		2A7C4990182DB7370085A6ED /* Main.storyboard in Resources */ = {isa = PBXBuildFile; fileRef = 2A7C498F182DB7370085A6ED /* Main.storyboard */; };
		2A7C4993182DB9790085A6ED /* FHKLogInViewController.m in Sources */ = {isa = PBXBuildFile; fileRef = 2A7C4992182DB9790085A6ED /* FHKLogInViewController.m */; };
		2A7C4996182DB9C50085A6ED /* FHKSettingsViewController.m in Sources */ = {isa = PBXBuildFile; fileRef = 2A7C4995182DB9C50085A6ED /* FHKSettingsViewController.m */; };
		2AF6C915182DBADF001AFA31 /* SWRevealViewController.m in Sources */ = {isa = PBXBuildFile; fileRef = 2AF6C914182DBADF001AFA31 /* SWRevealViewController.m */; };
		2AF6C918182DC0F8001AFA31 /* FHKMainFlowViewController.m in Sources */ = {isa = PBXBuildFile; fileRef = 2AF6C917182DC0F8001AFA31 /* FHKMainFlowViewController.m */; };
		2AF6C91B182DC2D9001AFA31 /* FHKSettingOneViewController.m in Sources */ = {isa = PBXBuildFile; fileRef = 2AF6C91A182DC2D9001AFA31 /* FHKSettingOneViewController.m */; };
		2AF6C91E182DCB5D001AFA31 /* FHKAltFlowViewController.m in Sources */ = {isa = PBXBuildFile; fileRef = 2AF6C91D182DCB5D001AFA31 /* FHKAltFlowViewController.m */; };
/* End PBXBuildFile section */

/* Begin PBXFileReference section */
		2A7C495D182DB7220085A6ED /* Stacks!.app */ = {isa = PBXFileReference; explicitFileType = wrapper.application; includeInIndex = 0; path = "Stacks!.app"; sourceTree = BUILT_PRODUCTS_DIR; };
		2A7C4960182DB7220085A6ED /* Foundation.framework */ = {isa = PBXFileReference; lastKnownFileType = wrapper.framework; name = Foundation.framework; path = System/Library/Frameworks/Foundation.framework; sourceTree = SDKROOT; };
		2A7C4962182DB7220085A6ED /* CoreGraphics.framework */ = {isa = PBXFileReference; lastKnownFileType = wrapper.framework; name = CoreGraphics.framework; path = System/Library/Frameworks/CoreGraphics.framework; sourceTree = SDKROOT; };
		2A7C4964182DB7220085A6ED /* UIKit.framework */ = {isa = PBXFileReference; lastKnownFileType = wrapper.framework; name = UIKit.framework; path = System/Library/Frameworks/UIKit.framework; sourceTree = SDKROOT; };
		2A7C4968182DB7220085A6ED /* Stacks!-Info.plist */ = {isa = PBXFileReference; lastKnownFileType = text.plist.xml; path = "Stacks!-Info.plist"; sourceTree = "<group>"; };
		2A7C496A182DB7220085A6ED /* en */ = {isa = PBXFileReference; lastKnownFileType = text.plist.strings; name = en; path = en.lproj/InfoPlist.strings; sourceTree = "<group>"; };
		2A7C496C182DB7220085A6ED /* main.m */ = {isa = PBXFileReference; lastKnownFileType = sourcecode.c.objc; path = main.m; sourceTree = "<group>"; };
		2A7C496E182DB7220085A6ED /* Stacks!-Prefix.pch */ = {isa = PBXFileReference; lastKnownFileType = sourcecode.c.h; path = "Stacks!-Prefix.pch"; sourceTree = "<group>"; };
		2A7C496F182DB7220085A6ED /* FHKAppDelegate.h */ = {isa = PBXFileReference; lastKnownFileType = sourcecode.c.h; path = FHKAppDelegate.h; sourceTree = "<group>"; };
		2A7C4970182DB7220085A6ED /* FHKAppDelegate.m */ = {isa = PBXFileReference; lastKnownFileType = sourcecode.c.objc; path = FHKAppDelegate.m; sourceTree = "<group>"; };
		2A7C4972182DB7220085A6ED /* Images.xcassets */ = {isa = PBXFileReference; lastKnownFileType = folder.assetcatalog; path = Images.xcassets; sourceTree = "<group>"; };
		2A7C4979182DB7220085A6ED /* XCTest.framework */ = {isa = PBXFileReference; lastKnownFileType = wrapper.framework; name = XCTest.framework; path = Library/Frameworks/XCTest.framework; sourceTree = DEVELOPER_DIR; };
		2A7C498F182DB7370085A6ED /* Main.storyboard */ = {isa = PBXFileReference; fileEncoding = 4; lastKnownFileType = file.storyboard; path = Main.storyboard; sourceTree = "<group>"; };
		2A7C4991182DB9790085A6ED /* FHKLogInViewController.h */ = {isa = PBXFileReference; fileEncoding = 4; lastKnownFileType = sourcecode.c.h; path = FHKLogInViewController.h; sourceTree = "<group>"; };
		2A7C4992182DB9790085A6ED /* FHKLogInViewController.m */ = {isa = PBXFileReference; fileEncoding = 4; lastKnownFileType = sourcecode.c.objc; path = FHKLogInViewController.m; sourceTree = "<group>"; };
		2A7C4994182DB9C50085A6ED /* FHKSettingsViewController.h */ = {isa = PBXFileReference; fileEncoding = 4; lastKnownFileType = sourcecode.c.h; path = FHKSettingsViewController.h; sourceTree = "<group>"; };
		2A7C4995182DB9C50085A6ED /* FHKSettingsViewController.m */ = {isa = PBXFileReference; fileEncoding = 4; lastKnownFileType = sourcecode.c.objc; path = FHKSettingsViewController.m; sourceTree = "<group>"; };
		2AF6C913182DBADF001AFA31 /* SWRevealViewController.h */ = {isa = PBXFileReference; fileEncoding = 4; lastKnownFileType = sourcecode.c.h; path = SWRevealViewController.h; sourceTree = "<group>"; };
		2AF6C914182DBADF001AFA31 /* SWRevealViewController.m */ = {isa = PBXFileReference; fileEncoding = 4; lastKnownFileType = sourcecode.c.objc; path = SWRevealViewController.m; sourceTree = "<group>"; };
		2AF6C916182DC0F8001AFA31 /* FHKMainFlowViewController.h */ = {isa = PBXFileReference; fileEncoding = 4; lastKnownFileType = sourcecode.c.h; path = FHKMainFlowViewController.h; sourceTree = "<group>"; };
		2AF6C917182DC0F8001AFA31 /* FHKMainFlowViewController.m */ = {isa = PBXFileReference; fileEncoding = 4; lastKnownFileType = sourcecode.c.objc; path = FHKMainFlowViewController.m; sourceTree = "<group>"; };
		2AF6C919182DC2D9001AFA31 /* FHKSettingOneViewController.h */ = {isa = PBXFileReference; fileEncoding = 4; lastKnownFileType = sourcecode.c.h; path = FHKSettingOneViewController.h; sourceTree = "<group>"; };
		2AF6C91A182DC2D9001AFA31 /* FHKSettingOneViewController.m */ = {isa = PBXFileReference; fileEncoding = 4; lastKnownFileType = sourcecode.c.objc; path = FHKSettingOneViewController.m; sourceTree = "<group>"; };
		2AF6C91C182DCB5D001AFA31 /* FHKAltFlowViewController.h */ = {isa = PBXFileReference; fileEncoding = 4; lastKnownFileType = sourcecode.c.h; path = FHKAltFlowViewController.h; sourceTree = "<group>"; };
		2AF6C91D182DCB5D001AFA31 /* FHKAltFlowViewController.m */ = {isa = PBXFileReference; fileEncoding = 4; lastKnownFileType = sourcecode.c.objc; path = FHKAltFlowViewController.m; sourceTree = "<group>"; };
/* End PBXFileReference section */

/* Begin PBXFrameworksBuildPhase section */
		2A7C495A182DB7220085A6ED /* Frameworks */ = {
			isa = PBXFrameworksBuildPhase;
			buildActionMask = 2147483647;
			files = (
				2A7C4963182DB7220085A6ED /* CoreGraphics.framework in Frameworks */,
				2A7C4965182DB7220085A6ED /* UIKit.framework in Frameworks */,
				2A7C4961182DB7220085A6ED /* Foundation.framework in Frameworks */,
			);
			runOnlyForDeploymentPostprocessing = 0;
		};
/* End PBXFrameworksBuildPhase section */

/* Begin PBXGroup section */
		2A7C4954182DB7220085A6ED = {
			isa = PBXGroup;
			children = (
				2A7C4966182DB7220085A6ED /* Stacks! */,
				2A7C495F182DB7220085A6ED /* Frameworks */,
				2A7C495E182DB7220085A6ED /* Products */,
			);
			sourceTree = "<group>";
		};
		2A7C495E182DB7220085A6ED /* Products */ = {
			isa = PBXGroup;
			children = (
				2A7C495D182DB7220085A6ED /* Stacks!.app */,
			);
			name = Products;
			sourceTree = "<group>";
		};
		2A7C495F182DB7220085A6ED /* Frameworks */ = {
			isa = PBXGroup;
			children = (
				2A7C4960182DB7220085A6ED /* Foundation.framework */,
				2A7C4962182DB7220085A6ED /* CoreGraphics.framework */,
				2A7C4964182DB7220085A6ED /* UIKit.framework */,
				2A7C4979182DB7220085A6ED /* XCTest.framework */,
			);
			name = Frameworks;
			sourceTree = "<group>";
		};
		2A7C4966182DB7220085A6ED /* Stacks! */ = {
			isa = PBXGroup;
			children = (
				2A7C496F182DB7220085A6ED /* FHKAppDelegate.h */,
				2A7C4970182DB7220085A6ED /* FHKAppDelegate.m */,
				2AF6C916182DC0F8001AFA31 /* FHKMainFlowViewController.h */,
				2AF6C917182DC0F8001AFA31 /* FHKMainFlowViewController.m */,
				2AF6C91C182DCB5D001AFA31 /* FHKAltFlowViewController.h */,
				2AF6C91D182DCB5D001AFA31 /* FHKAltFlowViewController.m */,
				2A7C4991182DB9790085A6ED /* FHKLogInViewController.h */,
				2A7C4992182DB9790085A6ED /* FHKLogInViewController.m */,
				2A7C4994182DB9C50085A6ED /* FHKSettingsViewController.h */,
				2A7C4995182DB9C50085A6ED /* FHKSettingsViewController.m */,
				2AF6C919182DC2D9001AFA31 /* FHKSettingOneViewController.h */,
				2AF6C91A182DC2D9001AFA31 /* FHKSettingOneViewController.m */,
				2AF6C913182DBADF001AFA31 /* SWRevealViewController.h */,
				2AF6C914182DBADF001AFA31 /* SWRevealViewController.m */,
				2A7C498F182DB7370085A6ED /* Main.storyboard */,
				2A7C4972182DB7220085A6ED /* Images.xcassets */,
				2A7C4967182DB7220085A6ED /* Supporting Files */,
			);
			path = "Stacks!";
			sourceTree = "<group>";
		};
		2A7C4967182DB7220085A6ED /* Supporting Files */ = {
			isa = PBXGroup;
			children = (
				2A7C4968182DB7220085A6ED /* Stacks!-Info.plist */,
				2A7C4969182DB7220085A6ED /* InfoPlist.strings */,
				2A7C496C182DB7220085A6ED /* main.m */,
				2A7C496E182DB7220085A6ED /* Stacks!-Prefix.pch */,
			);
			name = "Supporting Files";
			sourceTree = "<group>";
		};
/* End PBXGroup section */

/* Begin PBXNativeTarget section */
		2A7C495C182DB7220085A6ED /* Stacks! */ = {
			isa = PBXNativeTarget;
			buildConfigurationList = 2A7C4989182DB7230085A6ED /* Build configuration list for PBXNativeTarget "Stacks!" */;
			buildPhases = (
				2A7C4959182DB7220085A6ED /* Sources */,
				2A7C495A182DB7220085A6ED /* Frameworks */,
				2A7C495B182DB7220085A6ED /* Resources */,
			);
			buildRules = (
			);
			dependencies = (
			);
			name = "Stacks!";
			productName = "Stacks!";
			productReference = 2A7C495D182DB7220085A6ED /* Stacks!.app */;
			productType = "com.apple.product-type.application";
		};
/* End PBXNativeTarget section */

/* Begin PBXProject section */
		2A7C4955182DB7220085A6ED /* Project object */ = {
			isa = PBXProject;
			attributes = {
				CLASSPREFIX = FHK;
				LastUpgradeCheck = 0500;
				ORGANIZATIONNAME = "Fish Hook LLC";
			};
			buildConfigurationList = 2A7C4958182DB7220085A6ED /* Build configuration list for PBXProject "Stacks!" */;
			compatibilityVersion = "Xcode 3.2";
			developmentRegion = English;
			hasScannedForEncodings = 0;
			knownRegions = (
				en,
			);
			mainGroup = 2A7C4954182DB7220085A6ED;
			productRefGroup = 2A7C495E182DB7220085A6ED /* Products */;
			projectDirPath = "";
			projectRoot = "";
			targets = (
				2A7C495C182DB7220085A6ED /* Stacks! */,
			);
		};
/* End PBXProject section */

/* Begin PBXResourcesBuildPhase section */
		2A7C495B182DB7220085A6ED /* Resources */ = {
			isa = PBXResourcesBuildPhase;
			buildActionMask = 2147483647;
			files = (
				2A7C4990182DB7370085A6ED /* Main.storyboard in Resources */,
				2A7C496B182DB7220085A6ED /* InfoPlist.strings in Resources */,
				2A7C4973182DB7220085A6ED /* Images.xcassets in Resources */,
			);
			runOnlyForDeploymentPostprocessing = 0;
		};
/* End PBXResourcesBuildPhase section */

/* Begin PBXSourcesBuildPhase section */
		2A7C4959182DB7220085A6ED /* Sources */ = {
			isa = PBXSourcesBuildPhase;
			buildActionMask = 2147483647;
			files = (
				2A7C4993182DB9790085A6ED /* FHKLogInViewController.m in Sources */,
				2A7C4971182DB7220085A6ED /* FHKAppDelegate.m in Sources */,
				2AF6C915182DBADF001AFA31 /* SWRevealViewController.m in Sources */,
				2A7C496D182DB7220085A6ED /* main.m in Sources */,
				2A7C4996182DB9C50085A6ED /* FHKSettingsViewController.m in Sources */,
				2AF6C918182DC0F8001AFA31 /* FHKMainFlowViewController.m in Sources */,
				2AF6C91E182DCB5D001AFA31 /* FHKAltFlowViewController.m in Sources */,
				2AF6C91B182DC2D9001AFA31 /* FHKSettingOneViewController.m in Sources */,
			);
			runOnlyForDeploymentPostprocessing = 0;
		};
/* End PBXSourcesBuildPhase section */

/* Begin PBXVariantGroup section */
		2A7C4969182DB7220085A6ED /* InfoPlist.strings */ = {
			isa = PBXVariantGroup;
			children = (
				2A7C496A182DB7220085A6ED /* en */,
			);
			name = InfoPlist.strings;
			sourceTree = "<group>";
		};
/* End PBXVariantGroup section */

/* Begin XCBuildConfiguration section */
		2A7C4987182DB7230085A6ED /* Debug */ = {
			isa = XCBuildConfiguration;
			buildSettings = {
				ALWAYS_SEARCH_USER_PATHS = NO;
				ARCHS = "$(ARCHS_STANDARD_INCLUDING_64_BIT)";
				CLANG_CXX_LANGUAGE_STANDARD = "gnu++0x";
				CLANG_CXX_LIBRARY = "libc++";
				CLANG_ENABLE_MODULES = YES;
				CLANG_ENABLE_OBJC_ARC = YES;
				CLANG_WARN_BOOL_CONVERSION = YES;
				CLANG_WARN_CONSTANT_CONVERSION = YES;
				CLANG_WARN_DIRECT_OBJC_ISA_USAGE = YES_ERROR;
				CLANG_WARN_EMPTY_BODY = YES;
				CLANG_WARN_ENUM_CONVERSION = YES;
				CLANG_WARN_INT_CONVERSION = YES;
				CLANG_WARN_OBJC_ROOT_CLASS = YES_ERROR;
				CLANG_WARN__DUPLICATE_METHOD_MATCH = YES;
				"CODE_SIGN_IDENTITY[sdk=iphoneos*]" = "iPhone Developer";
				COPY_PHASE_STRIP = NO;
				GCC_C_LANGUAGE_STANDARD = gnu99;
				GCC_DYNAMIC_NO_PIC = NO;
				GCC_OPTIMIZATION_LEVEL = 0;
				GCC_PREPROCESSOR_DEFINITIONS = (
					"DEBUG=1",
					"$(inherited)",
				);
				GCC_SYMBOLS_PRIVATE_EXTERN = NO;
				GCC_WARN_64_TO_32_BIT_CONVERSION = YES;
				GCC_WARN_ABOUT_RETURN_TYPE = YES_ERROR;
				GCC_WARN_UNDECLARED_SELECTOR = YES;
				GCC_WARN_UNINITIALIZED_AUTOS = YES;
				GCC_WARN_UNUSED_FUNCTION = YES;
				GCC_WARN_UNUSED_VARIABLE = YES;
				IPHONEOS_DEPLOYMENT_TARGET = 7.0;
				ONLY_ACTIVE_ARCH = YES;
				SDKROOT = iphoneos;
			};
			name = Debug;
		};
		2A7C4988182DB7230085A6ED /* Release */ = {
			isa = XCBuildConfiguration;
			buildSettings = {
				ALWAYS_SEARCH_USER_PATHS = NO;
				ARCHS = "$(ARCHS_STANDARD_INCLUDING_64_BIT)";
				CLANG_CXX_LANGUAGE_STANDARD = "gnu++0x";
				CLANG_CXX_LIBRARY = "libc++";
				CLANG_ENABLE_MODULES = YES;
				CLANG_ENABLE_OBJC_ARC = YES;
				CLANG_WARN_BOOL_CONVERSION = YES;
				CLANG_WARN_CONSTANT_CONVERSION = YES;
				CLANG_WARN_DIRECT_OBJC_ISA_USAGE = YES_ERROR;
				CLANG_WARN_EMPTY_BODY = YES;
				CLANG_WARN_ENUM_CONVERSION = YES;
				CLANG_WARN_INT_CONVERSION = YES;
				CLANG_WARN_OBJC_ROOT_CLASS = YES_ERROR;
				CLANG_WARN__DUPLICATE_METHOD_MATCH = YES;
				"CODE_SIGN_IDENTITY[sdk=iphoneos*]" = "iPhone Developer";
				COPY_PHASE_STRIP = YES;
				ENABLE_NS_ASSERTIONS = NO;
				GCC_C_LANGUAGE_STANDARD = gnu99;
				GCC_WARN_64_TO_32_BIT_CONVERSION = YES;
				GCC_WARN_ABOUT_RETURN_TYPE = YES_ERROR;
				GCC_WARN_UNDECLARED_SELECTOR = YES;
				GCC_WARN_UNINITIALIZED_AUTOS = YES;
				GCC_WARN_UNUSED_FUNCTION = YES;
				GCC_WARN_UNUSED_VARIABLE = YES;
				IPHONEOS_DEPLOYMENT_TARGET = 7.0;
				SDKROOT = iphoneos;
				VALIDATE_PRODUCT = YES;
			};
			name = Release;
		};
		2A7C498A182DB7230085A6ED /* Debug */ = {
			isa = XCBuildConfiguration;
			buildSettings = {
				ASSETCATALOG_COMPILER_APPICON_NAME = AppIcon;
				ASSETCATALOG_COMPILER_LAUNCHIMAGE_NAME = LaunchImage;
				GCC_PRECOMPILE_PREFIX_HEADER = YES;
				GCC_PREFIX_HEADER = "Stacks!/Stacks!-Prefix.pch";
				INFOPLIST_FILE = "Stacks!/Stacks!-Info.plist";
				PRODUCT_NAME = "$(TARGET_NAME)";
				WRAPPER_EXTENSION = app;
			};
			name = Debug;
		};
		2A7C498B182DB7230085A6ED /* Release */ = {
			isa = XCBuildConfiguration;
			buildSettings = {
				ASSETCATALOG_COMPILER_APPICON_NAME = AppIcon;
				ASSETCATALOG_COMPILER_LAUNCHIMAGE_NAME = LaunchImage;
				GCC_PRECOMPILE_PREFIX_HEADER = YES;
				GCC_PREFIX_HEADER = "Stacks!/Stacks!-Prefix.pch";
				INFOPLIST_FILE = "Stacks!/Stacks!-Info.plist";
				PRODUCT_NAME = "$(TARGET_NAME)";
				WRAPPER_EXTENSION = app;
			};
			name = Release;
		};
/* End XCBuildConfiguration section */

/* Begin XCConfigurationList section */
		2A7C4958182DB7220085A6ED /* Build configuration list for PBXProject "Stacks!" */ = {
			isa = XCConfigurationList;
			buildConfigurations = (
				2A7C4987182DB7230085A6ED /* Debug */,
				2A7C4988182DB7230085A6ED /* Release */,
			);
			defaultConfigurationIsVisible = 0;
			defaultConfigurationName = Release;
		};
		2A7C4989182DB7230085A6ED /* Build configuration list for PBXNativeTarget "Stacks!" */ = {
			isa = XCConfigurationList;
			buildConfigurations = (
				2A7C498A182DB7230085A6ED /* Debug */,
				2A7C498B182DB7230085A6ED /* Release */,
			);
			defaultConfigurationIsVisible = 0;
			defaultConfigurationName = Release;
		};
/* End XCConfigurationList section */
	};
	rootObject = 2A7C4955182DB7220085A6ED /* Project object */;
}
